
Microsoft Visual Studio Solution File, Format Version 12.00
# Visual Studio 15
VisualStudioVersion = 15.0.26124.0
MinimumVisualStudioVersion = 15.0.26124.0
Project("{FAE04EC0-301F-11D3-BF4B-00C04F79EFBC}") = "NPost.APIGateway", "..\NPost.APIGateway\src\NPost.APIGateway\NPost.APIGateway.csproj", "{DF55F6E3-1413-40D2-A6A0-AFA57FC18C3A}"
EndProject
Project("{FAE04EC0-301F-11D3-BF4B-00C04F79EFBC}") = "NPost.Services.Deliveries", "..\NPost.Services.Deliveries\src\NPost.Services.Deliveries\NPost.Services.Deliveries.csproj", "{A0BD4A68-4188-45A8-AE4E-B6C16D5C44AF}"
EndProject
Project("{FAE04EC0-301F-11D3-BF4B-00C04F79EFBC}") = "NPost.Services.Parcels", "..\NPost.Services.Parcels\src\NPost.Services.Parcels\NPost.Services.Parcels.csproj", "{8EAF25E2-3725-4932-926A-A92178CFBD44}"
EndProject
Project("{FAE04EC0-301F-11D3-BF4B-00C04F79EFBC}") = "NPost.Services.Routing", "..\NPost.Services.Routing\src\NPost.Services.Routing\NPost.Services.Routing.csproj", "{B0557ED1-176E-4BF1-B3E2-2DEB3DEFC69D}"
EndProject
Project("{2150E333-8FDC-42A3-9474-1A3956D46DE8}") = "NPost.APIGateway", "NPost.APIGateway", "{AA86F50A-5C13-4EB0-BA32-DB80C4643E99}"
EndProject
Project("{2150E333-8FDC-42A3-9474-1A3956D46DE8}") = "NPost.Services.Deliveries", "NPost.Services.Deliveries", "{2D1E5F48-811B-491B-B048-8AC874582E9B}"
EndProject
Project("{2150E333-8FDC-42A3-9474-1A3956D46DE8}") = "NPost.Services.Parcels", "NPost.Services.Parcels", "{8DD87FA9-2C2E-459B-97DB-C59BFAC6BAF9}"
EndProject
Project("{2150E333-8FDC-42A3-9474-1A3956D46DE8}") = "NPost.Services.Routing", "NPost.Services.Routing", "{4479F76D-E23D-45E6-A659-8664E74AF065}"
EndProject
Project("{2150E333-8FDC-42A3-9474-1A3956D46DE8}") = "src", "src", "{13EEFC28-4A4F-4186-BA9A-D5C2E15FB665}"
EndProject
Project("{2150E333-8FDC-42A3-9474-1A3956D46DE8}") = "src", "src", "{B8DD0170-E606-4FB8-AB97-E1D745FA1E91}"
EndProject
Project("{2150E333-8FDC-42A3-9474-1A3956D46DE8}") = "src", "src", "{59A7BF8B-FCA2-4B50-9E08-E9BCDA43250A}"
EndProject
Project("{2150E333-8FDC-42A3-9474-1A3956D46DE8}") = "src", "src", "{A348C07D-5DD4-4843-A2A6-A4020FA2FA0C}"
EndProject
Global
	GlobalSection(SolutionConfigurationPlatforms) = preSolution
		Debug|Any CPU = Debug|Any CPU
		Debug|x64 = Debug|x64
		Debug|x86 = Debug|x86
		Release|Any CPU = Release|Any CPU
		Release|x64 = Release|x64
		Release|x86 = Release|x86
	EndGlobalSection
	GlobalSection(SolutionProperties) = preSolution
		HideSolutionNode = FALSE
	EndGlobalSection
	GlobalSection(ProjectConfigurationPlatforms) = postSolution
		{DF55F6E3-1413-40D2-A6A0-AFA57FC18C3A}.Debug|Any CPU.ActiveCfg = Debug|Any CPU
		{DF55F6E3-1413-40D2-A6A0-AFA57FC18C3A}.Debug|Any CPU.Build.0 = Debug|Any CPU
		{DF55F6E3-1413-40D2-A6A0-AFA57FC18C3A}.Debug|x64.ActiveCfg = Debug|Any CPU
		{DF55F6E3-1413-40D2-A6A0-AFA57FC18C3A}.Debug|x64.Build.0 = Debug|Any CPU
		{DF55F6E3-1413-40D2-A6A0-AFA57FC18C3A}.Debug|x86.ActiveCfg = Debug|Any CPU
		{DF55F6E3-1413-40D2-A6A0-AFA57FC18C3A}.Debug|x86.Build.0 = Debug|Any CPU
		{DF55F6E3-1413-40D2-A6A0-AFA57FC18C3A}.Release|Any CPU.ActiveCfg = Release|Any CPU
		{DF55F6E3-1413-40D2-A6A0-AFA57FC18C3A}.Release|Any CPU.Build.0 = Release|Any CPU
		{DF55F6E3-1413-40D2-A6A0-AFA57FC18C3A}.Release|x64.ActiveCfg = Release|Any CPU
		{DF55F6E3-1413-40D2-A6A0-AFA57FC18C3A}.Release|x64.Build.0 = Release|Any CPU
		{DF55F6E3-1413-40D2-A6A0-AFA57FC18C3A}.Release|x86.ActiveCfg = Release|Any CPU
		{DF55F6E3-1413-40D2-A6A0-AFA57FC18C3A}.Release|x86.Build.0 = Release|Any CPU
		{A0BD4A68-4188-45A8-AE4E-B6C16D5C44AF}.Debug|Any CPU.ActiveCfg = Debug|Any CPU
		{A0BD4A68-4188-45A8-AE4E-B6C16D5C44AF}.Debug|Any CPU.Build.0 = Debug|Any CPU
		{A0BD4A68-4188-45A8-AE4E-B6C16D5C44AF}.Debug|x64.ActiveCfg = Debug|Any CPU
		{A0BD4A68-4188-45A8-AE4E-B6C16D5C44AF}.Debug|x64.Build.0 = Debug|Any CPU
		{A0BD4A68-4188-45A8-AE4E-B6C16D5C44AF}.Debug|x86.ActiveCfg = Debug|Any CPU
		{A0BD4A68-4188-45A8-AE4E-B6C16D5C44AF}.Debug|x86.Build.0 = Debug|Any CPU
		{A0BD4A68-4188-45A8-AE4E-B6C16D5C44AF}.Release|Any CPU.ActiveCfg = Release|Any CPU
		{A0BD4A68-4188-45A8-AE4E-B6C16D5C44AF}.Release|Any CPU.Build.0 = Release|Any CPU
		{A0BD4A68-4188-45A8-AE4E-B6C16D5C44AF}.Release|x64.ActiveCfg = Release|Any CPU
		{A0BD4A68-4188-45A8-AE4E-B6C16D5C44AF}.Release|x64.Build.0 = Release|Any CPU
		{A0BD4A68-4188-45A8-AE4E-B6C16D5C44AF}.Release|x86.ActiveCfg = Release|Any CPU
		{A0BD4A68-4188-45A8-AE4E-B6C16D5C44AF}.Release|x86.Build.0 = Release|Any CPU
		{8EAF25E2-3725-4932-926A-A92178CFBD44}.Debug|Any CPU.ActiveCfg = Debug|Any CPU
		{8EAF25E2-3725-4932-926A-A92178CFBD44}.Debug|Any CPU.Build.0 = Debug|Any CPU
		{8EAF25E2-3725-4932-926A-A92178CFBD44}.Debug|x64.ActiveCfg = Debug|Any CPU
		{8EAF25E2-3725-4932-926A-A92178CFBD44}.Debug|x64.Build.0 = Debug|Any CPU
		{8EAF25E2-3725-4932-926A-A92178CFBD44}.Debug|x86.ActiveCfg = Debug|Any CPU
		{8EAF25E2-3725-4932-926A-A92178CFBD44}.Debug|x86.Build.0 = Debug|Any CPU
		{8EAF25E2-3725-4932-926A-A92178CFBD44}.Release|Any CPU.ActiveCfg = Release|Any CPU
		{8EAF25E2-3725-4932-926A-A92178CFBD44}.Release|Any CPU.Build.0 = Release|Any CPU
		{8EAF25E2-3725-4932-926A-A92178CFBD44}.Release|x64.ActiveCfg = Release|Any CPU
		{8EAF25E2-3725-4932-926A-A92178CFBD44}.Release|x64.Build.0 = Release|Any CPU
		{8EAF25E2-3725-4932-926A-A92178CFBD44}.Release|x86.ActiveCfg = Release|Any CPU
		{8EAF25E2-3725-4932-926A-A92178CFBD44}.Release|x86.Build.0 = Release|Any CPU
		{B0557ED1-176E-4BF1-B3E2-2DEB3DEFC69D}.Debug|Any CPU.ActiveCfg = Debug|Any CPU
		{B0557ED1-176E-4BF1-B3E2-2DEB3DEFC69D}.Debug|Any CPU.Build.0 = Debug|Any CPU
		{B0557ED1-176E-4BF1-B3E2-2DEB3DEFC69D}.Debug|x64.ActiveCfg = Debug|Any CPU
		{B0557ED1-176E-4BF1-B3E2-2DEB3DEFC69D}.Debug|x64.Build.0 = Debug|Any CPU
		{B0557ED1-176E-4BF1-B3E2-2DEB3DEFC69D}.Debug|x86.ActiveCfg = Debug|Any CPU
		{B0557ED1-176E-4BF1-B3E2-2DEB3DEFC69D}.Debug|x86.Build.0 = Debug|Any CPU
		{B0557ED1-176E-4BF1-B3E2-2DEB3DEFC69D}.Release|Any CPU.ActiveCfg = Release|Any CPU
		{B0557ED1-176E-4BF1-B3E2-2DEB3DEFC69D}.Release|Any CPU.Build.0 = Release|Any CPU
		{B0557ED1-176E-4BF1-B3E2-2DEB3DEFC69D}.Release|x64.ActiveCfg = Release|Any CPU
		{B0557ED1-176E-4BF1-B3E2-2DEB3DEFC69D}.Release|x64.Build.0 = Release|Any CPU
		{B0557ED1-176E-4BF1-B3E2-2DEB3DEFC69D}.Release|x86.ActiveCfg = Release|Any CPU
		{B0557ED1-176E-4BF1-B3E2-2DEB3DEFC69D}.Release|x86.Build.0 = Release|Any CPU
	EndGlobalSection
	GlobalSection(NestedProjects) = preSolution
		{13EEFC28-4A4F-4186-BA9A-D5C2E15FB665} = {AA86F50A-5C13-4EB0-BA32-DB80C4643E99}
		{B8DD0170-E606-4FB8-AB97-E1D745FA1E91} = {2D1E5F48-811B-491B-B048-8AC874582E9B}
		{59A7BF8B-FCA2-4B50-9E08-E9BCDA43250A} = {8DD87FA9-2C2E-459B-97DB-C59BFAC6BAF9}
		{A348C07D-5DD4-4843-A2A6-A4020FA2FA0C} = {4479F76D-E23D-45E6-A659-8664E74AF065}
		{DF55F6E3-1413-40D2-A6A0-AFA57FC18C3A} = {13EEFC28-4A4F-4186-BA9A-D5C2E15FB665}
		{A0BD4A68-4188-45A8-AE4E-B6C16D5C44AF} = {B8DD0170-E606-4FB8-AB97-E1D745FA1E91}
		{8EAF25E2-3725-4932-926A-A92178CFBD44} = {59A7BF8B-FCA2-4B50-9E08-E9BCDA43250A}
		{B0557ED1-176E-4BF1-B3E2-2DEB3DEFC69D} = {A348C07D-5DD4-4843-A2A6-A4020FA2FA0C}
	EndGlobalSection
EndGlobal
